
Microsoft Visual Studio Solution File, Format Version 12.00
# Visual Studio Version 16
VisualStudioVersion = 16.0.30611.23
MinimumVisualStudioVersion = 10.0.40219.1
Project("{FAE04EC0-301F-11D3-BF4B-00C04F79EFBC}") = "Calendarro", "Calendarro\Calendarro.csproj", "{270E816A-4749-4CF3-AFAA-6E91AC8B6282}"
EndProject
Global
	GlobalSection(SolutionConfigurationPlatforms) = preSolution
		Debug|Any CPU = Debug|Any CPU
		Release|Any CPU = Release|Any CPU
	EndGlobalSection
	GlobalSection(ProjectConfigurationPlatforms) = postSolution
		{270E816A-4749-4CF3-AFAA-6E91AC8B6282}.Debug|Any CPU.ActiveCfg = Debug|Any CPU
		{270E816A-4749-4CF3-AFAA-6E91AC8B6282}.Debug|Any CPU.Build.0 = Debug|Any CPU
		{270E816A-4749-4CF3-AFAA-6E91AC8B6282}.Release|Any CPU.ActiveCfg = Release|Any CPU
		{270E816A-4749-4CF3-AFAA-6E91AC8B6282}.Release|Any CPU.Build.0 = Release|Any CPU
	EndGlobalSection
	GlobalSection(SolutionProperties) = preSolution
		HideSolutionNode = FALSE
	EndGlobalSection
	GlobalSection(ExtensibilityGlobals) = postSolution
		SolutionGuid = {8014FB49-B18E-4808-BEAF-1D5EF568B168}
	EndGlobalSection
EndGlobal
